using System;
using System.Collections.Generic;
using System.Linq;
using System.Text;
using System.Threading.Tasks;

namespace lab_8_que_3
{
    class Shape
    {
        public double hight;
        public double Width;
        public Shape(double h, double w)
        {
            hight = h;
            Width = w;
        }
    }
    class Triangle : Shape
    {
        public Triangle(double hight, double widht) : base(hight, widht)
        {

        }
        public double area()
        {
            return 0.5 * hight * Width;
        }
    }
    class Rectengular : Shape
    {
        public Rectengular(double hight, double width) : base(hight, width)
        {

        }
        public double area()
        {
            return hight * Width;
        }



    }
    internal class Program
    {
        static void Main(string[] args)
        {
            Triangle triagle = new Triangle(10, 5);
            Rectengular rectengular = new Rectengular(10, 5);
            Console.WriteLine("Triangle area :" + triagle.area());
            Console.WriteLine("Rectengular area :"+ rectengular.area());
        }
    }
}
