using System;

namespace lab_8_que_4
{
    class account
    {
        private int blance;
        public account(int Blance)
        {
            blance = Blance;
        }
        public void deposite (int ammount)
        {
            if (ammount <= 0)
            {
                Console.WriteLine("Invalide ammount try again");
            }
            else
            {
                blance += ammount;
                Console.WriteLine("Deposite successfull!, New Blance is: " + blance);
                Console.WriteLine("******************");
            }
        }
        public void withdraw(int ammount)
        {
            if (ammount <= 0)
            {
                Console.WriteLine("Invalide ammount try again");
            }
            else
            {
                blance -= ammount;
                Console.WriteLine("Withdraw successfull!, New Blance is: " + blance);
                Console.WriteLine("******************");
            }
        }
        public void getblance()
        {
            Console.WriteLine("Current blance is: " + blance);
            Console.WriteLine("******************");
        }
    }
    internal class Program
    {
        static void Main(string[] args)
        {
            int blance = 0;
            int m = 0;
            while ( m <= 3)
            {

                account newaccount = new account(blance);
                Console.WriteLine("Depsite(1): ");
                Console.WriteLine("Withdraw(2): ");
                Console.WriteLine("Current blance(3): ");
                Console.WriteLine("******************");
                int n = Convert.ToInt32(Console.ReadLine());
                if (n == 1)
                {
                    Console.WriteLine("Deposite ammount: ");
                    int d = Convert.ToInt32(Console.ReadLine());
                    blance += d;
                    newaccount.deposite(d);
                }
                else if (n == 2)
                {
                    Console.WriteLine("Withdraw ammount: ");
                    int w = Convert.ToInt32(Console.ReadLine());
                    blance -= w;
                    newaccount.withdraw(w);
                }
                else
                {
                    Console.WriteLine("your blance is: ");
                    newaccount.getblance();
                }
                m++;
                if(m>=3)
                {
                    Console.WriteLine();
                    Console.WriteLine();
                    Console.WriteLine("Limite is over!");
                    break;
                }
            }
        }
    }
}
